
Microsoft Visual Studio Solution File, Format Version 12.00
# Visual Studio Version 17
VisualStudioVersion = 17.8.34408.163
MinimumVisualStudioVersion = 10.0.40219.1
Project("{2150E333-8FDC-42A3-9474-1A3956D46DE8}") = "src", "src", "{7B3AE9E7-D770-4AC3-9B69-836128F2F4B2}"
EndProject
Project("{2150E333-8FDC-42A3-9474-1A3956D46DE8}") = "API", "API", "{EC47AC40-082C-45A7-B90D-4732EDC6E8A0}"
EndProject
Project("{2150E333-8FDC-42A3-9474-1A3956D46DE8}") = "Core", "Core", "{357063A8-087D-4362-8F4E-BBB0953FCDD0}"
EndProject
Project("{2150E333-8FDC-42A3-9474-1A3956D46DE8}") = "Infrastructure", "Infrastructure", "{BE3E394F-A317-43FC-B9D0-7C17444B9E42}"
EndProject
Project("{2150E333-8FDC-42A3-9474-1A3956D46DE8}") = "UI", "UI", "{9FC2762D-0C9A-4EEE-BC8A-05A3510C4FAF}"
EndProject
Project("{9A19103F-16F7-4668-BE54-9A1E7A4F7556}") = "IT_Portal.Domain", "IT_Portal.Domain\IT_Portal.Domain.csproj", "{3DF4A93D-AF05-4E5D-B9CD-43CF5B4D14DB}"
EndProject
Project("{9A19103F-16F7-4668-BE54-9A1E7A4F7556}") = "IT_Portal.Application", "IT_Portal.Application\IT_Portal.Application.csproj", "{8D671E69-8B6E-4995-B65D-0AA986383936}"
EndProject
Project("{9A19103F-16F7-4668-BE54-9A1E7A4F7556}") = "IT_Portal.Persistence", "IT_Portal.Persistence\IT_Portal.Persistence.csproj", "{4D453DB1-4D5F-4277-86A3-E543484E3E55}"
EndProject
Project("{9A19103F-16F7-4668-BE54-9A1E7A4F7556}") = "IT_Portal.API", "IT_Portal.API\IT_Portal.API.csproj", "{3F2D6A26-33B4-4C10-A254-C353A56546D5}"
EndProject
Project("{54A90642-561A-4BB1-A94E-469ADEE60C69}") = "IT-Portal.UI", "IT-Portal.UI\IT-Portal.UI.esproj", "{B8EAFD5E-D185-426C-B9F9-422C4E3743BE}"
EndProject
Project("{2150E333-8FDC-42A3-9474-1A3956D46DE8}") = "Solution Items", "Solution Items", "{E91CE870-42D3-4A00-A62C-A39A55F88EB6}"
	ProjectSection(SolutionItems) = preProject
		.editorconfig = .editorconfig
	EndProjectSection
EndProject
Global
	GlobalSection(SolutionConfigurationPlatforms) = preSolution
		Debug|Any CPU = Debug|Any CPU
		Release|Any CPU = Release|Any CPU
	EndGlobalSection
	GlobalSection(ProjectConfigurationPlatforms) = postSolution
		{3DF4A93D-AF05-4E5D-B9CD-43CF5B4D14DB}.Debug|Any CPU.ActiveCfg = Debug|Any CPU
		{3DF4A93D-AF05-4E5D-B9CD-43CF5B4D14DB}.Debug|Any CPU.Build.0 = Debug|Any CPU
		{3DF4A93D-AF05-4E5D-B9CD-43CF5B4D14DB}.Release|Any CPU.ActiveCfg = Release|Any CPU
		{3DF4A93D-AF05-4E5D-B9CD-43CF5B4D14DB}.Release|Any CPU.Build.0 = Release|Any CPU
		{8D671E69-8B6E-4995-B65D-0AA986383936}.Debug|Any CPU.ActiveCfg = Debug|Any CPU
		{8D671E69-8B6E-4995-B65D-0AA986383936}.Debug|Any CPU.Build.0 = Debug|Any CPU
		{8D671E69-8B6E-4995-B65D-0AA986383936}.Release|Any CPU.ActiveCfg = Release|Any CPU
		{8D671E69-8B6E-4995-B65D-0AA986383936}.Release|Any CPU.Build.0 = Release|Any CPU
		{4D453DB1-4D5F-4277-86A3-E543484E3E55}.Debug|Any CPU.ActiveCfg = Debug|Any CPU
		{4D453DB1-4D5F-4277-86A3-E543484E3E55}.Debug|Any CPU.Build.0 = Debug|Any CPU
		{4D453DB1-4D5F-4277-86A3-E543484E3E55}.Release|Any CPU.ActiveCfg = Release|Any CPU
		{4D453DB1-4D5F-4277-86A3-E543484E3E55}.Release|Any CPU.Build.0 = Release|Any CPU
		{3F2D6A26-33B4-4C10-A254-C353A56546D5}.Debug|Any CPU.ActiveCfg = Debug|Any CPU
		{3F2D6A26-33B4-4C10-A254-C353A56546D5}.Debug|Any CPU.Build.0 = Debug|Any CPU
		{3F2D6A26-33B4-4C10-A254-C353A56546D5}.Release|Any CPU.ActiveCfg = Release|Any CPU
		{3F2D6A26-33B4-4C10-A254-C353A56546D5}.Release|Any CPU.Build.0 = Release|Any CPU
		{B8EAFD5E-D185-426C-B9F9-422C4E3743BE}.Debug|Any CPU.ActiveCfg = Debug|Any CPU
		{B8EAFD5E-D185-426C-B9F9-422C4E3743BE}.Debug|Any CPU.Build.0 = Debug|Any CPU
		{B8EAFD5E-D185-426C-B9F9-422C4E3743BE}.Debug|Any CPU.Deploy.0 = Debug|Any CPU
		{B8EAFD5E-D185-426C-B9F9-422C4E3743BE}.Release|Any CPU.ActiveCfg = Release|Any CPU
		{B8EAFD5E-D185-426C-B9F9-422C4E3743BE}.Release|Any CPU.Build.0 = Release|Any CPU
		{B8EAFD5E-D185-426C-B9F9-422C4E3743BE}.Release|Any CPU.Deploy.0 = Release|Any CPU
	EndGlobalSection
	GlobalSection(SolutionProperties) = preSolution
		HideSolutionNode = FALSE
	EndGlobalSection
	GlobalSection(NestedProjects) = preSolution
		{EC47AC40-082C-45A7-B90D-4732EDC6E8A0} = {7B3AE9E7-D770-4AC3-9B69-836128F2F4B2}
		{357063A8-087D-4362-8F4E-BBB0953FCDD0} = {7B3AE9E7-D770-4AC3-9B69-836128F2F4B2}
		{BE3E394F-A317-43FC-B9D0-7C17444B9E42} = {7B3AE9E7-D770-4AC3-9B69-836128F2F4B2}
		{9FC2762D-0C9A-4EEE-BC8A-05A3510C4FAF} = {7B3AE9E7-D770-4AC3-9B69-836128F2F4B2}
		{3DF4A93D-AF05-4E5D-B9CD-43CF5B4D14DB} = {357063A8-087D-4362-8F4E-BBB0953FCDD0}
		{8D671E69-8B6E-4995-B65D-0AA986383936} = {357063A8-087D-4362-8F4E-BBB0953FCDD0}
		{4D453DB1-4D5F-4277-86A3-E543484E3E55} = {BE3E394F-A317-43FC-B9D0-7C17444B9E42}
		{3F2D6A26-33B4-4C10-A254-C353A56546D5} = {EC47AC40-082C-45A7-B90D-4732EDC6E8A0}
		{B8EAFD5E-D185-426C-B9F9-422C4E3743BE} = {9FC2762D-0C9A-4EEE-BC8A-05A3510C4FAF}
	EndGlobalSection
	GlobalSection(ExtensibilityGlobals) = postSolution
		SolutionGuid = {2FAE97B8-1B11-4D92-9EA1-1F42064E6D00}
	EndGlobalSection
EndGlobal
